PODS:
  - Alamofire (4.8.2)
  - CountryPickerSwift (1.8.0)
  - Kingfisher (5.4.0)

DEPENDENCIES:
  - Alamofire
  - CountryPickerSwift
  - Kingfisher

SPEC REPOS:
  https://github.com/cocoapods/specs.git:
    - Alamofire
    - CountryPickerSwift
    - Kingfisher

SPEC CHECKSUMS:
  Alamofire: ae5c501addb7afdbb13687d7f2f722c78734c2d3
  CountryPickerSwift: 4c328ae9687322cacf541120f5c43f0e2c1ba194
  Kingfisher: 9c8f2cc6710334e06f32ba2b45e77707d5e2f0c9

PODFILE CHECKSUM: d928e025a23dd05ef6df3a272a08337c1648e37a

COCOAPODS: 1.6.1
