// !$*UTF8*$!
{
	archiveVersion = 1;
	classes = {
	};
	objectVersion = 50;
	objects = {

/* Begin PBXBuildFile section */
		3A8AD14999C45CFAF2F4BB93 /* Pods_TestApplicationIos.framework in Frameworks */ = {isa = PBXBuildFile; fileRef = 7A5296001A639AE02CC1D10D /* Pods_TestApplicationIos.framework */; };
		513D96A4227CC17A009D6D51 /* AppDelegate.swift in Sources */ = {isa = PBXBuildFile; fileRef = 513D96A3227CC17A009D6D51 /* AppDelegate.swift */; };
		513D96A6227CC17A009D6D51 /* RootVC.swift in Sources */ = {isa = PBXBuildFile; fileRef = 513D96A5227CC17A009D6D51 /* RootVC.swift */; };
		513D96A9227CC17A009D6D51 /* RootVC.storyboard in Resources */ = {isa = PBXBuildFile; fileRef = 513D96A7227CC17A009D6D51 /* RootVC.storyboard */; };
		513D96AB227CC17B009D6D51 /* Assets.xcassets in Resources */ = {isa = PBXBuildFile; fileRef = 513D96AA227CC17B009D6D51 /* Assets.xcassets */; };
		513D96AE227CC17B009D6D51 /* LaunchScreen.storyboard in Resources */ = {isa = PBXBuildFile; fileRef = 513D96AC227CC17B009D6D51 /* LaunchScreen.storyboard */; };
		513D96BD227CC49B009D6D51 /* AFNetworkManager.swift in Sources */ = {isa = PBXBuildFile; fileRef = 513D96BC227CC49B009D6D51 /* AFNetworkManager.swift */; };
		513D96BF227CC4AC009D6D51 /* ServerAPIManager.swift in Sources */ = {isa = PBXBuildFile; fileRef = 513D96BE227CC4AB009D6D51 /* ServerAPIManager.swift */; };
		513D96C2227CF55D009D6D51 /* RootVC+UITableViewDelegate.swift in Sources */ = {isa = PBXBuildFile; fileRef = 513D96C1227CF55D009D6D51 /* RootVC+UITableViewDelegate.swift */; };
		513D96C8227CF777009D6D51 /* RootTableViewCell.swift in Sources */ = {isa = PBXBuildFile; fileRef = 513D96C6227CF777009D6D51 /* RootTableViewCell.swift */; };
		513D96C9227CF777009D6D51 /* RootTableViewCell.xib in Resources */ = {isa = PBXBuildFile; fileRef = 513D96C7227CF777009D6D51 /* RootTableViewCell.xib */; };
		51695F162285C2DF00FC8389 /* LSActivityIndicator.swift in Sources */ = {isa = PBXBuildFile; fileRef = 51695F152285C2DF00FC8389 /* LSActivityIndicator.swift */; };
		51695F182285C30200FC8389 /* ResponseDataParser.swift in Sources */ = {isa = PBXBuildFile; fileRef = 51695F172285C30200FC8389 /* ResponseDataParser.swift */; };
		51F7A833227E04D500DD21FC /* Constants.swift in Sources */ = {isa = PBXBuildFile; fileRef = 51F7A832227E04D500DD21FC /* Constants.swift */; };
		51F7A835227E0C7D00DD21FC /* VideoListModel.swift in Sources */ = {isa = PBXBuildFile; fileRef = 51F7A834227E0C7D00DD21FC /* VideoListModel.swift */; };
		51F7A83F227E50A700DD21FC /* VideoObject.swift in Sources */ = {isa = PBXBuildFile; fileRef = 51F7A83E227E50A700DD21FC /* VideoObject.swift */; };
		51F7A844227F4B4200DD21FC /* DateExtension.swift in Sources */ = {isa = PBXBuildFile; fileRef = 51F7A843227F4B4200DD21FC /* DateExtension.swift */; };
		51F7A846227F6DCD00DD21FC /* StringExtension.swift in Sources */ = {isa = PBXBuildFile; fileRef = 51F7A845227F6DCD00DD21FC /* StringExtension.swift */; };
		51F7A85B227FB29200DD21FC /* UIHelper.swift in Sources */ = {isa = PBXBuildFile; fileRef = 51F7A85A227FB29200DD21FC /* UIHelper.swift */; };
		51F7A85D227FDC3F00DD21FC /* RootVC+CountryPickerDelegate.swift in Sources */ = {isa = PBXBuildFile; fileRef = 51F7A85C227FDC3F00DD21FC /* RootVC+CountryPickerDelegate.swift */; };
		51F7A86722802F8800DD21FC /* RootVC+SearchBarDelegate.swift in Sources */ = {isa = PBXBuildFile; fileRef = 51F7A86622802F8800DD21FC /* RootVC+SearchBarDelegate.swift */; };
		51F7A869228038D800DD21FC /* VideoModel.swift in Sources */ = {isa = PBXBuildFile; fileRef = 51F7A868228038D800DD21FC /* VideoModel.swift */; };
		D8918268EABE1A9AEBEED21B /* Pods_TestApplicationIosFakeTests.framework in Frameworks */ = {isa = PBXBuildFile; fileRef = C281D8047F746CE9809C187E /* Pods_TestApplicationIosFakeTests.framework */; };
		FB88F793228E8071000F44E8 /* TestApplicationIosTests.swift in Sources */ = {isa = PBXBuildFile; fileRef = FB88F792228E8071000F44E8 /* TestApplicationIosTests.swift */; };
		FB88F79B228E8753000F44E8 /* videoInfo.json in Resources */ = {isa = PBXBuildFile; fileRef = FB88F79A228E8753000F44E8 /* videoInfo.json */; };
		FB88F79E228E8855000F44E8 /* videoList.json in Resources */ = {isa = PBXBuildFile; fileRef = FB88F79D228E8855000F44E8 /* videoList.json */; };
		FB88F7A0228EA4E5000F44E8 /* DownloadVideoListManager.swift in Sources */ = {isa = PBXBuildFile; fileRef = FB88F79F228EA4E5000F44E8 /* DownloadVideoListManager.swift */; };
		FB88F7A8228EDC4C000F44E8 /* TestApplicationIosMockTests.swift in Sources */ = {isa = PBXBuildFile; fileRef = FB88F7A7228EDC4C000F44E8 /* TestApplicationIosMockTests.swift */; };
		FB8F89A3229279A300B8512B /* InfoVideoObject.swift in Sources */ = {isa = PBXBuildFile; fileRef = FB8F89A2229279A300B8512B /* InfoVideoObject.swift */; };
		FBFF9FD3228D354F00199EFA /* TestApplicationIosFakeTests.swift in Sources */ = {isa = PBXBuildFile; fileRef = FBFF9FD2228D354F00199EFA /* TestApplicationIosFakeTests.swift */; };
		FBFF9FDB228D3C2C00199EFA /* VideoListRequest.swift in Sources */ = {isa = PBXBuildFile; fileRef = FBFF9FDA228D3C2C00199EFA /* VideoListRequest.swift */; };
		FBFF9FDE228D5A5100199EFA /* VideoRequest.swift in Sources */ = {isa = PBXBuildFile; fileRef = FBFF9FDD228D5A5100199EFA /* VideoRequest.swift */; };
		FBFF9FE0228D7CCA00199EFA /* videoList.json in Resources */ = {isa = PBXBuildFile; fileRef = FBFF9FDF228D7CC900199EFA /* videoList.json */; };
		FBFF9FE2228D87A600199EFA /* videoInfo.json in Resources */ = {isa = PBXBuildFile; fileRef = FBFF9FE1228D87A600199EFA /* videoInfo.json */; };
		FBFF9FE4228D987000199EFA /* ExtensionsTestApplicationIosFakeTests.swift in Sources */ = {isa = PBXBuildFile; fileRef = FBFF9FE3228D987000199EFA /* ExtensionsTestApplicationIosFakeTests.swift */; };
/* End PBXBuildFile section */

/* Begin PBXContainerItemProxy section */
		FB88F795228E8071000F44E8 /* PBXContainerItemProxy */ = {
			isa = PBXContainerItemProxy;
			containerPortal = 513D9698227CC179009D6D51 /* Project object */;
			proxyType = 1;
			remoteGlobalIDString = 513D969F227CC179009D6D51;
			remoteInfo = TestApplicationIos;
		};
		FB88F7AA228EDC4C000F44E8 /* PBXContainerItemProxy */ = {
			isa = PBXContainerItemProxy;
			containerPortal = 513D9698227CC179009D6D51 /* Project object */;
			proxyType = 1;
			remoteGlobalIDString = 513D969F227CC179009D6D51;
			remoteInfo = TestApplicationIos;
		};
		FBFF9FD5228D354F00199EFA /* PBXContainerItemProxy */ = {
			isa = PBXContainerItemProxy;
			containerPortal = 513D9698227CC179009D6D51 /* Project object */;
			proxyType = 1;
			remoteGlobalIDString = 513D969F227CC179009D6D51;
			remoteInfo = TestApplicationIos;
		};
/* End PBXContainerItemProxy section */

/* Begin PBXFileReference section */
		351E0B23AD56DEA7D81E84A5 /* Pods-TestApplicationIosFakeTests.debug.xcconfig */ = {isa = PBXFileReference; includeInIndex = 1; lastKnownFileType = text.xcconfig; name = "Pods-TestApplicationIosFakeTests.debug.xcconfig"; path = "Target Support Files/Pods-TestApplicationIosFakeTests/Pods-TestApplicationIosFakeTests.debug.xcconfig"; sourceTree = "<group>"; };
		3FD343CED30A488F5B23BCE9 /* Pods-TestApplicationIos.release.xcconfig */ = {isa = PBXFileReference; includeInIndex = 1; lastKnownFileType = text.xcconfig; name = "Pods-TestApplicationIos.release.xcconfig"; path = "Target Support Files/Pods-TestApplicationIos/Pods-TestApplicationIos.release.xcconfig"; sourceTree = "<group>"; };
		4C6E814D3C373ABCAC59950C /* Pods-TestApplicationIos.debug.xcconfig */ = {isa = PBXFileReference; includeInIndex = 1; lastKnownFileType = text.xcconfig; name = "Pods-TestApplicationIos.debug.xcconfig"; path = "Target Support Files/Pods-TestApplicationIos/Pods-TestApplicationIos.debug.xcconfig"; sourceTree = "<group>"; };
		513D96A0227CC179009D6D51 /* TestApplicationIos.app */ = {isa = PBXFileReference; explicitFileType = wrapper.application; includeInIndex = 0; path = TestApplicationIos.app; sourceTree = BUILT_PRODUCTS_DIR; };
		513D96A3227CC17A009D6D51 /* AppDelegate.swift */ = {isa = PBXFileReference; lastKnownFileType = sourcecode.swift; path = AppDelegate.swift; sourceTree = "<group>"; };
		513D96A5227CC17A009D6D51 /* RootVC.swift */ = {isa = PBXFileReference; lastKnownFileType = sourcecode.swift; path = RootVC.swift; sourceTree = "<group>"; };
		513D96A8227CC17A009D6D51 /* Base */ = {isa = PBXFileReference; lastKnownFileType = file.storyboard; name = Base; path = Base.lproj/RootVC.storyboard; sourceTree = "<group>"; };
		513D96AA227CC17B009D6D51 /* Assets.xcassets */ = {isa = PBXFileReference; lastKnownFileType = folder.assetcatalog; path = Assets.xcassets; sourceTree = "<group>"; };
		513D96AD227CC17B009D6D51 /* Base */ = {isa = PBXFileReference; lastKnownFileType = file.storyboard; name = Base; path = Base.lproj/LaunchScreen.storyboard; sourceTree = "<group>"; };
		513D96AF227CC17B009D6D51 /* Info.plist */ = {isa = PBXFileReference; lastKnownFileType = text.plist.xml; path = Info.plist; sourceTree = "<group>"; };
		513D96BC227CC49B009D6D51 /* AFNetworkManager.swift */ = {isa = PBXFileReference; lastKnownFileType = sourcecode.swift; path = AFNetworkManager.swift; sourceTree = "<group>"; };
		513D96BE227CC4AB009D6D51 /* ServerAPIManager.swift */ = {isa = PBXFileReference; lastKnownFileType = sourcecode.swift; path = ServerAPIManager.swift; sourceTree = "<group>"; };
		513D96C1227CF55D009D6D51 /* RootVC+UITableViewDelegate.swift */ = {isa = PBXFileReference; lastKnownFileType = sourcecode.swift; path = "RootVC+UITableViewDelegate.swift"; sourceTree = "<group>"; };
		513D96C6227CF777009D6D51 /* RootTableViewCell.swift */ = {isa = PBXFileReference; lastKnownFileType = sourcecode.swift; path = RootTableViewCell.swift; sourceTree = "<group>"; };
		513D96C7227CF777009D6D51 /* RootTableViewCell.xib */ = {isa = PBXFileReference; lastKnownFileType = file.xib; path = RootTableViewCell.xib; sourceTree = "<group>"; };
		513D96CC227DE3E4009D6D51 /* AdSupport.framework */ = {isa = PBXFileReference; lastKnownFileType = wrapper.framework; name = AdSupport.framework; path = System/Library/Frameworks/AdSupport.framework; sourceTree = SDKROOT; };
		51695F152285C2DF00FC8389 /* LSActivityIndicator.swift */ = {isa = PBXFileReference; fileEncoding = 4; lastKnownFileType = sourcecode.swift; path = LSActivityIndicator.swift; sourceTree = "<group>"; };
		51695F172285C30200FC8389 /* ResponseDataParser.swift */ = {isa = PBXFileReference; fileEncoding = 4; lastKnownFileType = sourcecode.swift; path = ResponseDataParser.swift; sourceTree = "<group>"; };
		51F7A832227E04D500DD21FC /* Constants.swift */ = {isa = PBXFileReference; lastKnownFileType = sourcecode.swift; path = Constants.swift; sourceTree = "<group>"; };
		51F7A834227E0C7D00DD21FC /* VideoListModel.swift */ = {isa = PBXFileReference; lastKnownFileType = sourcecode.swift; path = VideoListModel.swift; sourceTree = "<group>"; };
		51F7A83E227E50A700DD21FC /* VideoObject.swift */ = {isa = PBXFileReference; lastKnownFileType = sourcecode.swift; path = VideoObject.swift; sourceTree = "<group>"; };
		51F7A843227F4B4200DD21FC /* DateExtension.swift */ = {isa = PBXFileReference; lastKnownFileType = sourcecode.swift; path = DateExtension.swift; sourceTree = "<group>"; };
		51F7A845227F6DCD00DD21FC /* StringExtension.swift */ = {isa = PBXFileReference; lastKnownFileType = sourcecode.swift; path = StringExtension.swift; sourceTree = "<group>"; };
		51F7A85A227FB29200DD21FC /* UIHelper.swift */ = {isa = PBXFileReference; lastKnownFileType = sourcecode.swift; path = UIHelper.swift; sourceTree = "<group>"; };
		51F7A85C227FDC3F00DD21FC /* RootVC+CountryPickerDelegate.swift */ = {isa = PBXFileReference; lastKnownFileType = sourcecode.swift; path = "RootVC+CountryPickerDelegate.swift"; sourceTree = "<group>"; };
		51F7A86622802F8800DD21FC /* RootVC+SearchBarDelegate.swift */ = {isa = PBXFileReference; lastKnownFileType = sourcecode.swift; path = "RootVC+SearchBarDelegate.swift"; sourceTree = "<group>"; };
		51F7A868228038D800DD21FC /* VideoModel.swift */ = {isa = PBXFileReference; lastKnownFileType = sourcecode.swift; path = VideoModel.swift; sourceTree = "<group>"; };
		7A5296001A639AE02CC1D10D /* Pods_TestApplicationIos.framework */ = {isa = PBXFileReference; explicitFileType = wrapper.framework; includeInIndex = 0; path = Pods_TestApplicationIos.framework; sourceTree = BUILT_PRODUCTS_DIR; };
		C281D8047F746CE9809C187E /* Pods_TestApplicationIosFakeTests.framework */ = {isa = PBXFileReference; explicitFileType = wrapper.framework; includeInIndex = 0; path = Pods_TestApplicationIosFakeTests.framework; sourceTree = BUILT_PRODUCTS_DIR; };
		D7FB20EE0408DD85B50ECEAC /* Pods-TestApplicationIosFakeTests.release.xcconfig */ = {isa = PBXFileReference; includeInIndex = 1; lastKnownFileType = text.xcconfig; name = "Pods-TestApplicationIosFakeTests.release.xcconfig"; path = "Target Support Files/Pods-TestApplicationIosFakeTests/Pods-TestApplicationIosFakeTests.release.xcconfig"; sourceTree = "<group>"; };
		FB88F790228E8071000F44E8 /* TestApplicationIosTests.xctest */ = {isa = PBXFileReference; explicitFileType = wrapper.cfbundle; includeInIndex = 0; path = TestApplicationIosTests.xctest; sourceTree = BUILT_PRODUCTS_DIR; };
		FB88F792228E8071000F44E8 /* TestApplicationIosTests.swift */ = {isa = PBXFileReference; lastKnownFileType = sourcecode.swift; path = TestApplicationIosTests.swift; sourceTree = "<group>"; };
		FB88F794228E8071000F44E8 /* Info.plist */ = {isa = PBXFileReference; lastKnownFileType = text.plist.xml; path = Info.plist; sourceTree = "<group>"; };
		FB88F79A228E8753000F44E8 /* videoInfo.json */ = {isa = PBXFileReference; fileEncoding = 4; lastKnownFileType = text.json; path = videoInfo.json; sourceTree = "<group>"; };
		FB88F79D228E8855000F44E8 /* videoList.json */ = {isa = PBXFileReference; fileEncoding = 4; lastKnownFileType = text.json; path = videoList.json; sourceTree = "<group>"; };
		FB88F79F228EA4E5000F44E8 /* DownloadVideoListManager.swift */ = {isa = PBXFileReference; lastKnownFileType = sourcecode.swift; path = DownloadVideoListManager.swift; sourceTree = "<group>"; };
		FB88F7A5228EDC4C000F44E8 /* TestApplicationIosMockTests.xctest */ = {isa = PBXFileReference; explicitFileType = wrapper.cfbundle; includeInIndex = 0; path = TestApplicationIosMockTests.xctest; sourceTree = BUILT_PRODUCTS_DIR; };
		FB88F7A7228EDC4C000F44E8 /* TestApplicationIosMockTests.swift */ = {isa = PBXFileReference; lastKnownFileType = sourcecode.swift; path = TestApplicationIosMockTests.swift; sourceTree = "<group>"; };
		FB88F7A9228EDC4C000F44E8 /* Info.plist */ = {isa = PBXFileReference; lastKnownFileType = text.plist.xml; path = Info.plist; sourceTree = "<group>"; };
		FB8F89A2229279A300B8512B /* InfoVideoObject.swift */ = {isa = PBXFileReference; lastKnownFileType = sourcecode.swift; path = InfoVideoObject.swift; sourceTree = "<group>"; };
		FBFF9FD0228D354F00199EFA /* TestApplicationIosFakeTests.xctest */ = {isa = PBXFileReference; explicitFileType = wrapper.cfbundle; includeInIndex = 0; path = TestApplicationIosFakeTests.xctest; sourceTree = BUILT_PRODUCTS_DIR; };
		FBFF9FD2228D354F00199EFA /* TestApplicationIosFakeTests.swift */ = {isa = PBXFileReference; lastKnownFileType = sourcecode.swift; path = TestApplicationIosFakeTests.swift; sourceTree = "<group>"; };
		FBFF9FD4228D354F00199EFA /* Info.plist */ = {isa = PBXFileReference; lastKnownFileType = text.plist.xml; path = Info.plist; sourceTree = "<group>"; };
		FBFF9FDA228D3C2C00199EFA /* VideoListRequest.swift */ = {isa = PBXFileReference; lastKnownFileType = sourcecode.swift; path = VideoListRequest.swift; sourceTree = "<group>"; };
		FBFF9FDD228D5A5100199EFA /* VideoRequest.swift */ = {isa = PBXFileReference; lastKnownFileType = sourcecode.swift; path = VideoRequest.swift; sourceTree = "<group>"; };
		FBFF9FDF228D7CC900199EFA /* videoList.json */ = {isa = PBXFileReference; fileEncoding = 4; lastKnownFileType = text.json; path = videoList.json; sourceTree = "<group>"; };
		FBFF9FE1228D87A600199EFA /* videoInfo.json */ = {isa = PBXFileReference; fileEncoding = 4; lastKnownFileType = text.json; path = videoInfo.json; sourceTree = "<group>"; };
		FBFF9FE3228D987000199EFA /* ExtensionsTestApplicationIosFakeTests.swift */ = {isa = PBXFileReference; lastKnownFileType = sourcecode.swift; path = ExtensionsTestApplicationIosFakeTests.swift; sourceTree = "<group>"; };
/* End PBXFileReference section */

/* Begin PBXFrameworksBuildPhase section */
		513D969D227CC179009D6D51 /* Frameworks */ = {
			isa = PBXFrameworksBuildPhase;
			buildActionMask = 2147483647;
			files = (
				3A8AD14999C45CFAF2F4BB93 /* Pods_TestApplicationIos.framework in Frameworks */,
			);
			runOnlyForDeploymentPostprocessing = 0;
		};
		FB88F78D228E8071000F44E8 /* Frameworks */ = {
			isa = PBXFrameworksBuildPhase;
			buildActionMask = 2147483647;
			files = (
			);
			runOnlyForDeploymentPostprocessing = 0;
		};
		FB88F7A2228EDC4C000F44E8 /* Frameworks */ = {
			isa = PBXFrameworksBuildPhase;
			buildActionMask = 2147483647;
			files = (
			);
			runOnlyForDeploymentPostprocessing = 0;
		};
		FBFF9FCD228D354F00199EFA /* Frameworks */ = {
			isa = PBXFrameworksBuildPhase;
			buildActionMask = 2147483647;
			files = (
				D8918268EABE1A9AEBEED21B /* Pods_TestApplicationIosFakeTests.framework in Frameworks */,
			);
			runOnlyForDeploymentPostprocessing = 0;
		};
/* End PBXFrameworksBuildPhase section */

/* Begin PBXGroup section */
		3D873ADAEA07F1B2A156B663 /* Frameworks */ = {
			isa = PBXGroup;
			children = (
				513D96CC227DE3E4009D6D51 /* AdSupport.framework */,
				7A5296001A639AE02CC1D10D /* Pods_TestApplicationIos.framework */,
				C281D8047F746CE9809C187E /* Pods_TestApplicationIosFakeTests.framework */,
			);
			name = Frameworks;
			sourceTree = "<group>";
		};
		513D9697227CC179009D6D51 = {
			isa = PBXGroup;
			children = (
				513D96A2227CC179009D6D51 /* TestApplicationIos */,
				FBFF9FD1228D354F00199EFA /* TestApplicationIosFakeTests */,
				FB88F791228E8071000F44E8 /* TestApplicationIosTests */,
				FB88F7A6228EDC4C000F44E8 /* TestApplicationIosMockTests */,
				513D96A1227CC179009D6D51 /* Products */,
				FBAEFAD0DFDFAD99F4344322 /* Pods */,
				3D873ADAEA07F1B2A156B663 /* Frameworks */,
			);
			sourceTree = "<group>";
		};
		513D96A1227CC179009D6D51 /* Products */ = {
			isa = PBXGroup;
			children = (
				513D96A0227CC179009D6D51 /* TestApplicationIos.app */,
				FBFF9FD0228D354F00199EFA /* TestApplicationIosFakeTests.xctest */,
				FB88F790228E8071000F44E8 /* TestApplicationIosTests.xctest */,
				FB88F7A5228EDC4C000F44E8 /* TestApplicationIosMockTests.xctest */,
			);
			name = Products;
			sourceTree = "<group>";
		};
		513D96A2227CC179009D6D51 /* TestApplicationIos */ = {
			isa = PBXGroup;
			children = (
				51F7A840227F09B700DD21FC /* Extensions */,
				513D96B7227CC237009D6D51 /* Views */,
				513D96B6227CC222009D6D51 /* Models */,
				513D96B5227CC21B009D6D51 /* Controllers */,
				51F7A831227E04B200DD21FC /* Helpers */,
				513D96BA227CC45F009D6D51 /* Services */,
				513D96B8227CC253009D6D51 /* Storyboards */,
				513D96B9227CC261009D6D51 /* Resources */,
				513D96C0227CC4C1009D6D51 /* SupportingFiles */,
				513D96A3227CC17A009D6D51 /* AppDelegate.swift */,
			);
			path = TestApplicationIos;
			sourceTree = "<group>";
		};
		513D96B5227CC21B009D6D51 /* Controllers */ = {
			isa = PBXGroup;
			children = (
				51F7A847227F7A4000DD21FC /* RootVC */,
			);
			path = Controllers;
			sourceTree = "<group>";
		};
		513D96B6227CC222009D6D51 /* Models */ = {
			isa = PBXGroup;
			children = (
				FBFF9FDC228D3DF700199EFA /* RequestsModels */,
				51F7A834227E0C7D00DD21FC /* VideoListModel.swift */,
				51F7A868228038D800DD21FC /* VideoModel.swift */,
			);
			path = Models;
			sourceTree = "<group>";
		};
		513D96B7227CC237009D6D51 /* Views */ = {
			isa = PBXGroup;
			children = (
				513D96C3227CF72E009D6D51 /* Cells */,
			);
			path = Views;
			sourceTree = "<group>";
		};
		513D96B8227CC253009D6D51 /* Storyboards */ = {
			isa = PBXGroup;
			children = (
				513D96A7227CC17A009D6D51 /* RootVC.storyboard */,
				513D96AC227CC17B009D6D51 /* LaunchScreen.storyboard */,
			);
			path = Storyboards;
			sourceTree = "<group>";
		};
		513D96B9227CC261009D6D51 /* Resources */ = {
			isa = PBXGroup;
			children = (
				513D96AA227CC17B009D6D51 /* Assets.xcassets */,
			);
			path = Resources;
			sourceTree = "<group>";
		};
		513D96BA227CC45F009D6D51 /* Services */ = {
			isa = PBXGroup;
			children = (
				513D96BB227CC46A009D6D51 /* Network */,
			);
			path = Services;
			sourceTree = "<group>";
		};
		513D96BB227CC46A009D6D51 /* Network */ = {
			isa = PBXGroup;
			children = (
				513D96BC227CC49B009D6D51 /* AFNetworkManager.swift */,
				513D96BE227CC4AB009D6D51 /* ServerAPIManager.swift */,
				51695F172285C30200FC8389 /* ResponseDataParser.swift */,
			);
			path = Network;
			sourceTree = "<group>";
		};
		513D96C0227CC4C1009D6D51 /* SupportingFiles */ = {
			isa = PBXGroup;
			children = (
				513D96AF227CC17B009D6D51 /* Info.plist */,
			);
			path = SupportingFiles;
			sourceTree = "<group>";
		};
		513D96C3227CF72E009D6D51 /* Cells */ = {
			isa = PBXGroup;
			children = (
				51F7A851227F8D7000DD21FC /* RootTableViewCell */,
			);
			path = Cells;
			sourceTree = "<group>";
		};
		51F7A831227E04B200DD21FC /* Helpers */ = {
			isa = PBXGroup;
			children = (
				51F7A83D227E506700DD21FC /* Objects */,
				51F7A83A227E408000DD21FC /* UIHelpers */,
				51F7A832227E04D500DD21FC /* Constants.swift */,
			);
			path = Helpers;
			sourceTree = "<group>";
		};
		51F7A83A227E408000DD21FC /* UIHelpers */ = {
			isa = PBXGroup;
			children = (
				51695F152285C2DF00FC8389 /* LSActivityIndicator.swift */,
				51F7A85A227FB29200DD21FC /* UIHelper.swift */,
			);
			path = UIHelpers;
			sourceTree = "<group>";
		};
		51F7A83D227E506700DD21FC /* Objects */ = {
			isa = PBXGroup;
			children = (
				51F7A83E227E50A700DD21FC /* VideoObject.swift */,
				FB88F79F228EA4E5000F44E8 /* DownloadVideoListManager.swift */,
				FB8F89A2229279A300B8512B /* InfoVideoObject.swift */,
			);
			path = Objects;
			sourceTree = "<group>";
		};
		51F7A840227F09B700DD21FC /* Extensions */ = {
			isa = PBXGroup;
			children = (
				51F7A843227F4B4200DD21FC /* DateExtension.swift */,
				51F7A845227F6DCD00DD21FC /* StringExtension.swift */,
			);
			path = Extensions;
			sourceTree = "<group>";
		};
		51F7A847227F7A4000DD21FC /* RootVC */ = {
			isa = PBXGroup;
			children = (
				513D96A5227CC17A009D6D51 /* RootVC.swift */,
				51F7A86622802F8800DD21FC /* RootVC+SearchBarDelegate.swift */,
				513D96C1227CF55D009D6D51 /* RootVC+UITableViewDelegate.swift */,
				51F7A85C227FDC3F00DD21FC /* RootVC+CountryPickerDelegate.swift */,
			);
			path = RootVC;
			sourceTree = "<group>";
		};
		51F7A851227F8D7000DD21FC /* RootTableViewCell */ = {
			isa = PBXGroup;
			children = (
				513D96C6227CF777009D6D51 /* RootTableViewCell.swift */,
				513D96C7227CF777009D6D51 /* RootTableViewCell.xib */,
			);
			path = RootTableViewCell;
			sourceTree = "<group>";
		};
		FB88F791228E8071000F44E8 /* TestApplicationIosTests */ = {
			isa = PBXGroup;
			children = (
				FB88F79A228E8753000F44E8 /* videoInfo.json */,
				FB88F79D228E8855000F44E8 /* videoList.json */,
				FB88F792228E8071000F44E8 /* TestApplicationIosTests.swift */,
				FB88F794228E8071000F44E8 /* Info.plist */,
			);
			path = TestApplicationIosTests;
			sourceTree = "<group>";
		};
		FB88F7A6228EDC4C000F44E8 /* TestApplicationIosMockTests */ = {
			isa = PBXGroup;
			children = (
				FB88F7A7228EDC4C000F44E8 /* TestApplicationIosMockTests.swift */,
				FB88F7A9228EDC4C000F44E8 /* Info.plist */,
			);
			path = TestApplicationIosMockTests;
			sourceTree = "<group>";
		};
		FBAEFAD0DFDFAD99F4344322 /* Pods */ = {
			isa = PBXGroup;
			children = (
				4C6E814D3C373ABCAC59950C /* Pods-TestApplicationIos.debug.xcconfig */,
				3FD343CED30A488F5B23BCE9 /* Pods-TestApplicationIos.release.xcconfig */,
				351E0B23AD56DEA7D81E84A5 /* Pods-TestApplicationIosFakeTests.debug.xcconfig */,
				D7FB20EE0408DD85B50ECEAC /* Pods-TestApplicationIosFakeTests.release.xcconfig */,
			);
			path = Pods;
			sourceTree = "<group>";
		};
		FBFF9FD1228D354F00199EFA /* TestApplicationIosFakeTests */ = {
			isa = PBXGroup;
			children = (
				FBFF9FD2228D354F00199EFA /* TestApplicationIosFakeTests.swift */,
				FBFF9FE3228D987000199EFA /* ExtensionsTestApplicationIosFakeTests.swift */,
				FBFF9FE1228D87A600199EFA /* videoInfo.json */,
				FBFF9FDF228D7CC900199EFA /* videoList.json */,
				FBFF9FD4228D354F00199EFA /* Info.plist */,
			);
			path = TestApplicationIosFakeTests;
			sourceTree = "<group>";
		};
		FBFF9FDC228D3DF700199EFA /* RequestsModels */ = {
			isa = PBXGroup;
			children = (
				FBFF9FDA228D3C2C00199EFA /* VideoListRequest.swift */,
				FBFF9FDD228D5A5100199EFA /* VideoRequest.swift */,
			);
			path = RequestsModels;
			sourceTree = "<group>";
		};
/* End PBXGroup section */

/* Begin PBXNativeTarget section */
		513D969F227CC179009D6D51 /* TestApplicationIos */ = {
			isa = PBXNativeTarget;
			buildConfigurationList = 513D96B2227CC17B009D6D51 /* Build configuration list for PBXNativeTarget "TestApplicationIos" */;
			buildPhases = (
				BA50D1F30BF8D62555369D83 /* [CP] Check Pods Manifest.lock */,
				513D969C227CC179009D6D51 /* Sources */,
				513D969D227CC179009D6D51 /* Frameworks */,
				513D969E227CC179009D6D51 /* Resources */,
				33551961B802B8E93E47D74C /* [CP] Embed Pods Frameworks */,
			);
			buildRules = (
			);
			dependencies = (
			);
			name = TestApplicationIos;
			productName = TestApplicationIos;
			productReference = 513D96A0227CC179009D6D51 /* TestApplicationIos.app */;
			productType = "com.apple.product-type.application";
		};
		FB88F78F228E8071000F44E8 /* TestApplicationIosTests */ = {
			isa = PBXNativeTarget;
			buildConfigurationList = FB88F799228E8071000F44E8 /* Build configuration list for PBXNativeTarget "TestApplicationIosTests" */;
			buildPhases = (
				FB88F78C228E8071000F44E8 /* Sources */,
				FB88F78D228E8071000F44E8 /* Frameworks */,
				FB88F78E228E8071000F44E8 /* Resources */,
			);
			buildRules = (
			);
			dependencies = (
				FB88F796228E8071000F44E8 /* PBXTargetDependency */,
			);
			name = TestApplicationIosTests;
			productName = TestApplicationIosTests;
			productReference = FB88F790228E8071000F44E8 /* TestApplicationIosTests.xctest */;
			productType = "com.apple.product-type.bundle.unit-test";
		};
		FB88F7A4228EDC4C000F44E8 /* TestApplicationIosMockTests */ = {
			isa = PBXNativeTarget;
			buildConfigurationList = FB88F7AC228EDC4C000F44E8 /* Build configuration list for PBXNativeTarget "TestApplicationIosMockTests" */;
			buildPhases = (
				FB88F7A1228EDC4C000F44E8 /* Sources */,
				FB88F7A2228EDC4C000F44E8 /* Frameworks */,
				FB88F7A3228EDC4C000F44E8 /* Resources */,
			);
			buildRules = (
			);
			dependencies = (
				FB88F7AB228EDC4C000F44E8 /* PBXTargetDependency */,
			);
			name = TestApplicationIosMockTests;
			productName = TestApplicationIosMockTests;
			productReference = FB88F7A5228EDC4C000F44E8 /* TestApplicationIosMockTests.xctest */;
			productType = "com.apple.product-type.bundle.unit-test";
		};
		FBFF9FCF228D354F00199EFA /* TestApplicationIosFakeTests */ = {
			isa = PBXNativeTarget;
			buildConfigurationList = FBFF9FD9228D354F00199EFA /* Build configuration list for PBXNativeTarget "TestApplicationIosFakeTests" */;
			buildPhases = (
				05D7D9D534A47A7BE2543E8D /* [CP] Check Pods Manifest.lock */,
				FBFF9FCC228D354F00199EFA /* Sources */,
				FBFF9FCD228D354F00199EFA /* Frameworks */,
				FBFF9FCE228D354F00199EFA /* Resources */,
			);
			buildRules = (
			);
			dependencies = (
				FBFF9FD6228D354F00199EFA /* PBXTargetDependency */,
			);
			name = TestApplicationIosFakeTests;
			productName = TestApplicationIosFakeTests;
			productReference = FBFF9FD0228D354F00199EFA /* TestApplicationIosFakeTests.xctest */;
			productType = "com.apple.product-type.bundle.unit-test";
		};
/* End PBXNativeTarget section */

/* Begin PBXProject section */
		513D9698227CC179009D6D51 /* Project object */ = {
			isa = PBXProject;
			attributes = {
				LastSwiftUpdateCheck = 1020;
				LastUpgradeCheck = 1020;
				ORGANIZATIONNAME = "Stas Lavruk";
				TargetAttributes = {
					513D969F227CC179009D6D51 = {
						CreatedOnToolsVersion = 10.2.1;
					};
					FB88F78F228E8071000F44E8 = {
						CreatedOnToolsVersion = 10.2.1;
						TestTargetID = 513D969F227CC179009D6D51;
					};
					FB88F7A4228EDC4C000F44E8 = {
						CreatedOnToolsVersion = 10.2.1;
						TestTargetID = 513D969F227CC179009D6D51;
					};
					FBFF9FCF228D354F00199EFA = {
						CreatedOnToolsVersion = 10.2.1;
						TestTargetID = 513D969F227CC179009D6D51;
					};
				};
			};
			buildConfigurationList = 513D969B227CC179009D6D51 /* Build configuration list for PBXProject "TestApplicationIos" */;
			compatibilityVersion = "Xcode 9.3";
			developmentRegion = en;
			hasScannedForEncodings = 0;
			knownRegions = (
				en,
				Base,
			);
			mainGroup = 513D9697227CC179009D6D51;
			productRefGroup = 513D96A1227CC179009D6D51 /* Products */;
			projectDirPath = "";
			projectRoot = "";
			targets = (
				513D969F227CC179009D6D51 /* TestApplicationIos */,
				FBFF9FCF228D354F00199EFA /* TestApplicationIosFakeTests */,
				FB88F78F228E8071000F44E8 /* TestApplicationIosTests */,
				FB88F7A4228EDC4C000F44E8 /* TestApplicationIosMockTests */,
			);
		};
/* End PBXProject section */

/* Begin PBXResourcesBuildPhase section */
		513D969E227CC179009D6D51 /* Resources */ = {
			isa = PBXResourcesBuildPhase;
			buildActionMask = 2147483647;
			files = (
				513D96AE227CC17B009D6D51 /* LaunchScreen.storyboard in Resources */,
				513D96C9227CF777009D6D51 /* RootTableViewCell.xib in Resources */,
				513D96AB227CC17B009D6D51 /* Assets.xcassets in Resources */,
				513D96A9227CC17A009D6D51 /* RootVC.storyboard in Resources */,
			);
			runOnlyForDeploymentPostprocessing = 0;
		};
		FB88F78E228E8071000F44E8 /* Resources */ = {
			isa = PBXResourcesBuildPhase;
			buildActionMask = 2147483647;
			files = (
				FB88F79B228E8753000F44E8 /* videoInfo.json in Resources */,
				FB88F79E228E8855000F44E8 /* videoList.json in Resources */,
			);
			runOnlyForDeploymentPostprocessing = 0;
		};
		FB88F7A3228EDC4C000F44E8 /* Resources */ = {
			isa = PBXResourcesBuildPhase;
			buildActionMask = 2147483647;
			files = (
			);
			runOnlyForDeploymentPostprocessing = 0;
		};
		FBFF9FCE228D354F00199EFA /* Resources */ = {
			isa = PBXResourcesBuildPhase;
			buildActionMask = 2147483647;
			files = (
				FBFF9FE0228D7CCA00199EFA /* videoList.json in Resources */,
				FBFF9FE2228D87A600199EFA /* videoInfo.json in Resources */,
			);
			runOnlyForDeploymentPostprocessing = 0;
		};
/* End PBXResourcesBuildPhase section */

/* Begin PBXShellScriptBuildPhase section */
		05D7D9D534A47A7BE2543E8D /* [CP] Check Pods Manifest.lock */ = {
			isa = PBXShellScriptBuildPhase;
			buildActionMask = 2147483647;
			files = (
			);
			inputFileListPaths = (
			);
			inputPaths = (
				"${PODS_PODFILE_DIR_PATH}/Podfile.lock",
				"${PODS_ROOT}/Manifest.lock",
			);
			name = "[CP] Check Pods Manifest.lock";
			outputFileListPaths = (
			);
			outputPaths = (
				"$(DERIVED_FILE_DIR)/Pods-TestApplicationIosFakeTests-checkManifestLockResult.txt",
			);
			runOnlyForDeploymentPostprocessing = 0;
			shellPath = /bin/sh;
			shellScript = "diff \"${PODS_PODFILE_DIR_PATH}/Podfile.lock\" \"${PODS_ROOT}/Manifest.lock\" > /dev/null\nif [ $? != 0 ] ; then\n    # print error to STDERR\n    echo \"error: The sandbox is not in sync with the Podfile.lock. Run 'pod install' or update your CocoaPods installation.\" >&2\n    exit 1\nfi\n# This output is used by Xcode 'outputs' to avoid re-running this script phase.\necho \"SUCCESS\" > \"${SCRIPT_OUTPUT_FILE_0}\"\n";
			showEnvVarsInLog = 0;
		};
		33551961B802B8E93E47D74C /* [CP] Embed Pods Frameworks */ = {
			isa = PBXShellScriptBuildPhase;
			buildActionMask = 2147483647;
			files = (
			);
			inputFileListPaths = (
			);
			inputPaths = (
				"${PODS_ROOT}/Target Support Files/Pods-TestApplicationIos/Pods-TestApplicationIos-frameworks.sh",
				"${BUILT_PRODUCTS_DIR}/Alamofire/Alamofire.framework",
				"${BUILT_PRODUCTS_DIR}/CountryPickerSwift/CountryPicker.framework",
				"${BUILT_PRODUCTS_DIR}/Kingfisher/Kingfisher.framework",
			);
			name = "[CP] Embed Pods Frameworks";
			outputFileListPaths = (
			);
			outputPaths = (
				"${TARGET_BUILD_DIR}/${FRAMEWORKS_FOLDER_PATH}/Alamofire.framework",
				"${TARGET_BUILD_DIR}/${FRAMEWORKS_FOLDER_PATH}/CountryPicker.framework",
				"${TARGET_BUILD_DIR}/${FRAMEWORKS_FOLDER_PATH}/Kingfisher.framework",
			);
			runOnlyForDeploymentPostprocessing = 0;
			shellPath = /bin/sh;
			shellScript = "\"${PODS_ROOT}/Target Support Files/Pods-TestApplicationIos/Pods-TestApplicationIos-frameworks.sh\"\n";
			showEnvVarsInLog = 0;
		};
		BA50D1F30BF8D62555369D83 /* [CP] Check Pods Manifest.lock */ = {
			isa = PBXShellScriptBuildPhase;
			buildActionMask = 2147483647;
			files = (
			);
			inputFileListPaths = (
			);
			inputPaths = (
				"${PODS_PODFILE_DIR_PATH}/Podfile.lock",
				"${PODS_ROOT}/Manifest.lock",
			);
			name = "[CP] Check Pods Manifest.lock";
			outputFileListPaths = (
			);
			outputPaths = (
				"$(DERIVED_FILE_DIR)/Pods-TestApplicationIos-checkManifestLockResult.txt",
			);
			runOnlyForDeploymentPostprocessing = 0;
			shellPath = /bin/sh;
			shellScript = "diff \"${PODS_PODFILE_DIR_PATH}/Podfile.lock\" \"${PODS_ROOT}/Manifest.lock\" > /dev/null\nif [ $? != 0 ] ; then\n    # print error to STDERR\n    echo \"error: The sandbox is not in sync with the Podfile.lock. Run 'pod install' or update your CocoaPods installation.\" >&2\n    exit 1\nfi\n# This output is used by Xcode 'outputs' to avoid re-running this script phase.\necho \"SUCCESS\" > \"${SCRIPT_OUTPUT_FILE_0}\"\n";
			showEnvVarsInLog = 0;
		};
/* End PBXShellScriptBuildPhase section */

/* Begin PBXSourcesBuildPhase section */
		513D969C227CC179009D6D51 /* Sources */ = {
			isa = PBXSourcesBuildPhase;
			buildActionMask = 2147483647;
			files = (
				513D96C2227CF55D009D6D51 /* RootVC+UITableViewDelegate.swift in Sources */,
				51F7A86722802F8800DD21FC /* RootVC+SearchBarDelegate.swift in Sources */,
				FBFF9FDE228D5A5100199EFA /* VideoRequest.swift in Sources */,
				51F7A844227F4B4200DD21FC /* DateExtension.swift in Sources */,
				51F7A846227F6DCD00DD21FC /* StringExtension.swift in Sources */,
				513D96A6227CC17A009D6D51 /* RootVC.swift in Sources */,
				FB8F89A3229279A300B8512B /* InfoVideoObject.swift in Sources */,
				51F7A85D227FDC3F00DD21FC /* RootVC+CountryPickerDelegate.swift in Sources */,
				513D96BF227CC4AC009D6D51 /* ServerAPIManager.swift in Sources */,
				51F7A835227E0C7D00DD21FC /* VideoListModel.swift in Sources */,
				51695F182285C30200FC8389 /* ResponseDataParser.swift in Sources */,
				FB88F7A0228EA4E5000F44E8 /* DownloadVideoListManager.swift in Sources */,
				513D96C8227CF777009D6D51 /* RootTableViewCell.swift in Sources */,
				51695F162285C2DF00FC8389 /* LSActivityIndicator.swift in Sources */,
				51F7A833227E04D500DD21FC /* Constants.swift in Sources */,
				51F7A869228038D800DD21FC /* VideoModel.swift in Sources */,
				51F7A85B227FB29200DD21FC /* UIHelper.swift in Sources */,
				513D96A4227CC17A009D6D51 /* AppDelegate.swift in Sources */,
				FBFF9FDB228D3C2C00199EFA /* VideoListRequest.swift in Sources */,
				513D96BD227CC49B009D6D51 /* AFNetworkManager.swift in Sources */,
				51F7A83F227E50A700DD21FC /* VideoObject.swift in Sources */,
			);
			runOnlyForDeploymentPostprocessing = 0;
		};
		FB88F78C228E8071000F44E8 /* Sources */ = {
			isa = PBXSourcesBuildPhase;
			buildActionMask = 2147483647;
			files = (
				FB88F793228E8071000F44E8 /* TestApplicationIosTests.swift in Sources */,
			);
			runOnlyForDeploymentPostprocessing = 0;
		};
		FB88F7A1228EDC4C000F44E8 /* Sources */ = {
			isa = PBXSourcesBuildPhase;
			buildActionMask = 2147483647;
			files = (
				FB88F7A8228EDC4C000F44E8 /* TestApplicationIosMockTests.swift in Sources */,
			);
			runOnlyForDeploymentPostprocessing = 0;
		};
		FBFF9FCC228D354F00199EFA /* Sources */ = {
			isa = PBXSourcesBuildPhase;
			buildActionMask = 2147483647;
			files = (
				FBFF9FD3228D354F00199EFA /* TestApplicationIosFakeTests.swift in Sources */,
				FBFF9FE4228D987000199EFA /* ExtensionsTestApplicationIosFakeTests.swift in Sources */,
			);
			runOnlyForDeploymentPostprocessing = 0;
		};
/* End PBXSourcesBuildPhase section */

/* Begin PBXTargetDependency section */
		FB88F796228E8071000F44E8 /* PBXTargetDependency */ = {
			isa = PBXTargetDependency;
			target = 513D969F227CC179009D6D51 /* TestApplicationIos */;
			targetProxy = FB88F795228E8071000F44E8 /* PBXContainerItemProxy */;
		};
		FB88F7AB228EDC4C000F44E8 /* PBXTargetDependency */ = {
			isa = PBXTargetDependency;
			target = 513D969F227CC179009D6D51 /* TestApplicationIos */;
			targetProxy = FB88F7AA228EDC4C000F44E8 /* PBXContainerItemProxy */;
		};
		FBFF9FD6228D354F00199EFA /* PBXTargetDependency */ = {
			isa = PBXTargetDependency;
			target = 513D969F227CC179009D6D51 /* TestApplicationIos */;
			targetProxy = FBFF9FD5228D354F00199EFA /* PBXContainerItemProxy */;
		};
/* End PBXTargetDependency section */

/* Begin PBXVariantGroup section */
		513D96A7227CC17A009D6D51 /* RootVC.storyboard */ = {
			isa = PBXVariantGroup;
			children = (
				513D96A8227CC17A009D6D51 /* Base */,
			);
			name = RootVC.storyboard;
			sourceTree = "<group>";
		};
		513D96AC227CC17B009D6D51 /* LaunchScreen.storyboard */ = {
			isa = PBXVariantGroup;
			children = (
				513D96AD227CC17B009D6D51 /* Base */,
			);
			name = LaunchScreen.storyboard;
			sourceTree = "<group>";
		};
/* End PBXVariantGroup section */

/* Begin XCBuildConfiguration section */
		513D96B0227CC17B009D6D51 /* Debug */ = {
			isa = XCBuildConfiguration;
			buildSettings = {
				ALWAYS_SEARCH_USER_PATHS = NO;
				CLANG_ANALYZER_NONNULL = YES;
				CLANG_ANALYZER_NUMBER_OBJECT_CONVERSION = YES_AGGRESSIVE;
				CLANG_CXX_LANGUAGE_STANDARD = "gnu++14";
				CLANG_CXX_LIBRARY = "libc++";
				CLANG_ENABLE_MODULES = YES;
				CLANG_ENABLE_OBJC_ARC = YES;
				CLANG_ENABLE_OBJC_WEAK = YES;
				CLANG_WARN_BLOCK_CAPTURE_AUTORELEASING = YES;
				CLANG_WARN_BOOL_CONVERSION = YES;
				CLANG_WARN_COMMA = YES;
				CLANG_WARN_CONSTANT_CONVERSION = YES;
				CLANG_WARN_DEPRECATED_OBJC_IMPLEMENTATIONS = YES;
				CLANG_WARN_DIRECT_OBJC_ISA_USAGE = YES_ERROR;
				CLANG_WARN_DOCUMENTATION_COMMENTS = YES;
				CLANG_WARN_EMPTY_BODY = YES;
				CLANG_WARN_ENUM_CONVERSION = YES;
				CLANG_WARN_INFINITE_RECURSION = YES;
				CLANG_WARN_INT_CONVERSION = YES;
				CLANG_WARN_NON_LITERAL_NULL_CONVERSION = YES;
				CLANG_WARN_OBJC_IMPLICIT_RETAIN_SELF = YES;
				CLANG_WARN_OBJC_LITERAL_CONVERSION = YES;
				CLANG_WARN_OBJC_ROOT_CLASS = YES_ERROR;
				CLANG_WARN_RANGE_LOOP_ANALYSIS = YES;
				CLANG_WARN_STRICT_PROTOTYPES = YES;
				CLANG_WARN_SUSPICIOUS_MOVE = YES;
				CLANG_WARN_UNGUARDED_AVAILABILITY = YES_AGGRESSIVE;
				CLANG_WARN_UNREACHABLE_CODE = YES;
				CLANG_WARN__DUPLICATE_METHOD_MATCH = YES;
				CODE_SIGN_IDENTITY = "iPhone Developer";
				COPY_PHASE_STRIP = NO;
				DEBUG_INFORMATION_FORMAT = dwarf;
				ENABLE_STRICT_OBJC_MSGSEND = YES;
				ENABLE_TESTABILITY = YES;
				GCC_C_LANGUAGE_STANDARD = gnu11;
				GCC_DYNAMIC_NO_PIC = NO;
				GCC_NO_COMMON_BLOCKS = YES;
				GCC_OPTIMIZATION_LEVEL = 0;
				GCC_PREPROCESSOR_DEFINITIONS = (
					"DEBUG=1",
					"$(inherited)",
				);
				GCC_WARN_64_TO_32_BIT_CONVERSION = YES;
				GCC_WARN_ABOUT_RETURN_TYPE = YES_ERROR;
				GCC_WARN_UNDECLARED_SELECTOR = YES;
				GCC_WARN_UNINITIALIZED_AUTOS = YES_AGGRESSIVE;
				GCC_WARN_UNUSED_FUNCTION = YES;
				GCC_WARN_UNUSED_VARIABLE = YES;
				IPHONEOS_DEPLOYMENT_TARGET = 12.2;
				MTL_ENABLE_DEBUG_INFO = INCLUDE_SOURCE;
				MTL_FAST_MATH = YES;
				ONLY_ACTIVE_ARCH = YES;
				SDKROOT = iphoneos;
				SWIFT_ACTIVE_COMPILATION_CONDITIONS = DEBUG;
				SWIFT_OPTIMIZATION_LEVEL = "-Onone";
			};
			name = Debug;
		};
		513D96B1227CC17B009D6D51 /* Release */ = {
			isa = XCBuildConfiguration;
			buildSettings = {
				ALWAYS_SEARCH_USER_PATHS = NO;
				CLANG_ANALYZER_NONNULL = YES;
				CLANG_ANALYZER_NUMBER_OBJECT_CONVERSION = YES_AGGRESSIVE;
				CLANG_CXX_LANGUAGE_STANDARD = "gnu++14";
				CLANG_CXX_LIBRARY = "libc++";
				CLANG_ENABLE_MODULES = YES;
				CLANG_ENABLE_OBJC_ARC = YES;
				CLANG_ENABLE_OBJC_WEAK = YES;
				CLANG_WARN_BLOCK_CAPTURE_AUTORELEASING = YES;
				CLANG_WARN_BOOL_CONVERSION = YES;
				CLANG_WARN_COMMA = YES;
				CLANG_WARN_CONSTANT_CONVERSION = YES;
				CLANG_WARN_DEPRECATED_OBJC_IMPLEMENTATIONS = YES;
				CLANG_WARN_DIRECT_OBJC_ISA_USAGE = YES_ERROR;
				CLANG_WARN_DOCUMENTATION_COMMENTS = YES;
				CLANG_WARN_EMPTY_BODY = YES;
				CLANG_WARN_ENUM_CONVERSION = YES;
				CLANG_WARN_INFINITE_RECURSION = YES;
				CLANG_WARN_INT_CONVERSION = YES;
				CLANG_WARN_NON_LITERAL_NULL_CONVERSION = YES;
				CLANG_WARN_OBJC_IMPLICIT_RETAIN_SELF = YES;
				CLANG_WARN_OBJC_LITERAL_CONVERSION = YES;
				CLANG_WARN_OBJC_ROOT_CLASS = YES_ERROR;
				CLANG_WARN_RANGE_LOOP_ANALYSIS = YES;
				CLANG_WARN_STRICT_PROTOTYPES = YES;
				CLANG_WARN_SUSPICIOUS_MOVE = YES;
				CLANG_WARN_UNGUARDED_AVAILABILITY = YES_AGGRESSIVE;
				CLANG_WARN_UNREACHABLE_CODE = YES;
				CLANG_WARN__DUPLICATE_METHOD_MATCH = YES;
				CODE_SIGN_IDENTITY = "iPhone Developer";
				COPY_PHASE_STRIP = NO;
				DEBUG_INFORMATION_FORMAT = "dwarf-with-dsym";
				ENABLE_NS_ASSERTIONS = NO;
				ENABLE_STRICT_OBJC_MSGSEND = YES;
				GCC_C_LANGUAGE_STANDARD = gnu11;
				GCC_NO_COMMON_BLOCKS = YES;
				GCC_WARN_64_TO_32_BIT_CONVERSION = YES;
				GCC_WARN_ABOUT_RETURN_TYPE = YES_ERROR;
				GCC_WARN_UNDECLARED_SELECTOR = YES;
				GCC_WARN_UNINITIALIZED_AUTOS = YES_AGGRESSIVE;
				GCC_WARN_UNUSED_FUNCTION = YES;
				GCC_WARN_UNUSED_VARIABLE = YES;
				IPHONEOS_DEPLOYMENT_TARGET = 12.2;
				MTL_ENABLE_DEBUG_INFO = NO;
				MTL_FAST_MATH = YES;
				SDKROOT = iphoneos;
				SWIFT_COMPILATION_MODE = wholemodule;
				SWIFT_OPTIMIZATION_LEVEL = "-O";
				VALIDATE_PRODUCT = YES;
			};
			name = Release;
		};
		513D96B3227CC17B009D6D51 /* Debug */ = {
			isa = XCBuildConfiguration;
			baseConfigurationReference = 4C6E814D3C373ABCAC59950C /* Pods-TestApplicationIos.debug.xcconfig */;
			buildSettings = {
				ASSETCATALOG_COMPILER_APPICON_NAME = AppIcon;
				CODE_SIGN_STYLE = Automatic;
				DEVELOPMENT_TEAM = B8U56RH92B;
				INFOPLIST_FILE = "$(SRCROOT)/TestApplicationIos/SupportingFiles/Info.plist";
				IPHONEOS_DEPLOYMENT_TARGET = 12.1;
				LD_RUNPATH_SEARCH_PATHS = (
					"$(inherited)",
					"@executable_path/Frameworks",
				);
				PRODUCT_BUNDLE_IDENTIFIER = com.sl.TestApplicationIos;
				PRODUCT_NAME = "$(TARGET_NAME)";
				SWIFT_VERSION = 5.0;
				TARGETED_DEVICE_FAMILY = "1,2";
			};
			name = Debug;
		};
		513D96B4227CC17B009D6D51 /* Release */ = {
			isa = XCBuildConfiguration;
			baseConfigurationReference = 3FD343CED30A488F5B23BCE9 /* Pods-TestApplicationIos.release.xcconfig */;
			buildSettings = {
				ASSETCATALOG_COMPILER_APPICON_NAME = AppIcon;
				CODE_SIGN_STYLE = Automatic;
				DEVELOPMENT_TEAM = B8U56RH92B;
				INFOPLIST_FILE = "$(SRCROOT)/TestApplicationIos/SupportingFiles/Info.plist";
				IPHONEOS_DEPLOYMENT_TARGET = 12.1;
				LD_RUNPATH_SEARCH_PATHS = (
					"$(inherited)",
					"@executable_path/Frameworks",
				);
				PRODUCT_BUNDLE_IDENTIFIER = com.sl.TestApplicationIos;
				PRODUCT_NAME = "$(TARGET_NAME)";
				SWIFT_VERSION = 5.0;
				TARGETED_DEVICE_FAMILY = "1,2";
			};
			name = Release;
		};
		FB88F797228E8071000F44E8 /* Debug */ = {
			isa = XCBuildConfiguration;
			buildSettings = {
				BUNDLE_LOADER = "$(TEST_HOST)";
				CODE_SIGN_STYLE = Automatic;
				DEVELOPMENT_TEAM = DM4UZQ9VMK;
				INFOPLIST_FILE = TestApplicationIosTests/Info.plist;
				LD_RUNPATH_SEARCH_PATHS = (
					"$(inherited)",
					"@executable_path/Frameworks",
					"@loader_path/Frameworks",
				);
				PRODUCT_BUNDLE_IDENTIFIER = sl.TestApplicationIosTests;
				PRODUCT_NAME = "$(TARGET_NAME)";
				SWIFT_VERSION = 5.0;
				TARGETED_DEVICE_FAMILY = "1,2";
				TEST_HOST = "$(BUILT_PRODUCTS_DIR)/TestApplicationIos.app/TestApplicationIos";
			};
			name = Debug;
		};
		FB88F798228E8071000F44E8 /* Release */ = {
			isa = XCBuildConfiguration;
			buildSettings = {
				BUNDLE_LOADER = "$(TEST_HOST)";
				CODE_SIGN_STYLE = Automatic;
				DEVELOPMENT_TEAM = DM4UZQ9VMK;
				INFOPLIST_FILE = TestApplicationIosTests/Info.plist;
				LD_RUNPATH_SEARCH_PATHS = (
					"$(inherited)",
					"@executable_path/Frameworks",
					"@loader_path/Frameworks",
				);
				PRODUCT_BUNDLE_IDENTIFIER = sl.TestApplicationIosTests;
				PRODUCT_NAME = "$(TARGET_NAME)";
				SWIFT_VERSION = 5.0;
				TARGETED_DEVICE_FAMILY = "1,2";
				TEST_HOST = "$(BUILT_PRODUCTS_DIR)/TestApplicationIos.app/TestApplicationIos";
			};
			name = Release;
		};
		FB88F7AD228EDC4C000F44E8 /* Debug */ = {
			isa = XCBuildConfiguration;
			buildSettings = {
				BUNDLE_LOADER = "$(TEST_HOST)";
				CODE_SIGN_STYLE = Automatic;
				DEVELOPMENT_TEAM = DM4UZQ9VMK;
				INFOPLIST_FILE = TestApplicationIosMockTests/Info.plist;
				LD_RUNPATH_SEARCH_PATHS = (
					"$(inherited)",
					"@executable_path/Frameworks",
					"@loader_path/Frameworks",
				);
				PRODUCT_BUNDLE_IDENTIFIER = sl.TestApplicationIosMockTests;
				PRODUCT_NAME = "$(TARGET_NAME)";
				SWIFT_VERSION = 5.0;
				TARGETED_DEVICE_FAMILY = "1,2";
				TEST_HOST = "$(BUILT_PRODUCTS_DIR)/TestApplicationIos.app/TestApplicationIos";
			};
			name = Debug;
		};
		FB88F7AE228EDC4C000F44E8 /* Release */ = {
			isa = XCBuildConfiguration;
			buildSettings = {
				BUNDLE_LOADER = "$(TEST_HOST)";
				CODE_SIGN_STYLE = Automatic;
				DEVELOPMENT_TEAM = DM4UZQ9VMK;
				INFOPLIST_FILE = TestApplicationIosMockTests/Info.plist;
				LD_RUNPATH_SEARCH_PATHS = (
					"$(inherited)",
					"@executable_path/Frameworks",
					"@loader_path/Frameworks",
				);
				PRODUCT_BUNDLE_IDENTIFIER = sl.TestApplicationIosMockTests;
				PRODUCT_NAME = "$(TARGET_NAME)";
				SWIFT_VERSION = 5.0;
				TARGETED_DEVICE_FAMILY = "1,2";
				TEST_HOST = "$(BUILT_PRODUCTS_DIR)/TestApplicationIos.app/TestApplicationIos";
			};
			name = Release;
		};
		FBFF9FD7228D354F00199EFA /* Debug */ = {
			isa = XCBuildConfiguration;
			baseConfigurationReference = 351E0B23AD56DEA7D81E84A5 /* Pods-TestApplicationIosFakeTests.debug.xcconfig */;
			buildSettings = {
				BUNDLE_LOADER = "$(TEST_HOST)";
				CODE_SIGN_STYLE = Automatic;
				DEVELOPMENT_TEAM = DM4UZQ9VMK;
				INFOPLIST_FILE = TestApplicationIosFakeTests/Info.plist;
				LD_RUNPATH_SEARCH_PATHS = (
					"$(inherited)",
					"@executable_path/Frameworks",
					"@loader_path/Frameworks",
				);
				PRODUCT_BUNDLE_IDENTIFIER = sl.TestApplicationIosFakeTests;
				PRODUCT_NAME = "$(TARGET_NAME)";
				SWIFT_VERSION = 5.0;
				TARGETED_DEVICE_FAMILY = "1,2";
				TEST_HOST = "$(BUILT_PRODUCTS_DIR)/TestApplicationIos.app/TestApplicationIos";
			};
			name = Debug;
		};
		FBFF9FD8228D354F00199EFA /* Release */ = {
			isa = XCBuildConfiguration;
			baseConfigurationReference = D7FB20EE0408DD85B50ECEAC /* Pods-TestApplicationIosFakeTests.release.xcconfig */;
			buildSettings = {
				BUNDLE_LOADER = "$(TEST_HOST)";
				CODE_SIGN_STYLE = Automatic;
				DEVELOPMENT_TEAM = DM4UZQ9VMK;
				INFOPLIST_FILE = TestApplicationIosFakeTests/Info.plist;
				LD_RUNPATH_SEARCH_PATHS = (
					"$(inherited)",
					"@executable_path/Frameworks",
					"@loader_path/Frameworks",
				);
				PRODUCT_BUNDLE_IDENTIFIER = sl.TestApplicationIosFakeTests;
				PRODUCT_NAME = "$(TARGET_NAME)";
				SWIFT_VERSION = 5.0;
				TARGETED_DEVICE_FAMILY = "1,2";
				TEST_HOST = "$(BUILT_PRODUCTS_DIR)/TestApplicationIos.app/TestApplicationIos";
			};
			name = Release;
		};
/* End XCBuildConfiguration section */

/* Begin XCConfigurationList section */
		513D969B227CC179009D6D51 /* Build configuration list for PBXProject "TestApplicationIos" */ = {
			isa = XCConfigurationList;
			buildConfigurations = (
				513D96B0227CC17B009D6D51 /* Debug */,
				513D96B1227CC17B009D6D51 /* Release */,
			);
			defaultConfigurationIsVisible = 0;
			defaultConfigurationName = Release;
		};
		513D96B2227CC17B009D6D51 /* Build configuration list for PBXNativeTarget "TestApplicationIos" */ = {
			isa = XCConfigurationList;
			buildConfigurations = (
				513D96B3227CC17B009D6D51 /* Debug */,
				513D96B4227CC17B009D6D51 /* Release */,
			);
			defaultConfigurationIsVisible = 0;
			defaultConfigurationName = Release;
		};
		FB88F799228E8071000F44E8 /* Build configuration list for PBXNativeTarget "TestApplicationIosTests" */ = {
			isa = XCConfigurationList;
			buildConfigurations = (
				FB88F797228E8071000F44E8 /* Debug */,
				FB88F798228E8071000F44E8 /* Release */,
			);
			defaultConfigurationIsVisible = 0;
			defaultConfigurationName = Release;
		};
		FB88F7AC228EDC4C000F44E8 /* Build configuration list for PBXNativeTarget "TestApplicationIosMockTests" */ = {
			isa = XCConfigurationList;
			buildConfigurations = (
				FB88F7AD228EDC4C000F44E8 /* Debug */,
				FB88F7AE228EDC4C000F44E8 /* Release */,
			);
			defaultConfigurationIsVisible = 0;
			defaultConfigurationName = Release;
		};
		FBFF9FD9228D354F00199EFA /* Build configuration list for PBXNativeTarget "TestApplicationIosFakeTests" */ = {
			isa = XCConfigurationList;
			buildConfigurations = (
				FBFF9FD7228D354F00199EFA /* Debug */,
				FBFF9FD8228D354F00199EFA /* Release */,
			);
			defaultConfigurationIsVisible = 0;
			defaultConfigurationName = Release;
		};
/* End XCConfigurationList section */
	};
	rootObject = 513D9698227CC179009D6D51 /* Project object */;
}
